
Microsoft Visual Studio Solution File, Format Version 12.00
# Visual Studio Version 17
VisualStudioVersion = 17.14.36915.13
MinimumVisualStudioVersion = 10.0.40219.1
Project("{FAE04EC0-301F-11D3-BF4B-00C04F79EFBC}") = "Struct", "Struct\Struct.csproj", "{E1D8785D-EB45-45F7-9A7F-E8AEA59AF513}"
EndProject
Project("{FAE04EC0-301F-11D3-BF4B-00C04F79EFBC}") = "ValueType&&RefType", "ValueType&&RefType\ValueType&&RefType.csproj", "{E1D25382-8F68-4B96-9B46-204CB5156849}"
EndProject
Project("{FAE04EC0-301F-11D3-BF4B-00C04F79EFBC}") = "Nullable Types", "Nullable Types\Nullable Types.csproj", "{6C03DCF3-7A00-4480-9471-1D1EBF5ECC35}"
EndProject
Project("{FAE04EC0-301F-11D3-BF4B-00C04F79EFBC}") = "Tuples", "Tuples\Tuples.csproj", "{9A22BC5B-86BC-477B-903F-50E1172D066C}"
EndProject
Project("{FAE04EC0-301F-11D3-BF4B-00C04F79EFBC}") = "OOP-Encapsulation", "OOP-Encapsulation\OOP-Encapsulation.csproj", "{3E94C0DE-19D2-4788-9E42-1B0293C48150}"
EndProject
Project("{FAE04EC0-301F-11D3-BF4B-00C04F79EFBC}") = "StaticDataAndMembers", "StaticDataAndMembers\StaticDataAndMembers.csproj", "{33A08C0E-C285-4956-B440-5EAB7977D41E}"
EndProject
Project("{2150E333-8FDC-42A3-9474-1A3956D46DE8}") = "Topics", "Topics", "{02EA681E-C7D8-13C7-8484-4AC65E1B71E8}"
EndProject
Project("{2150E333-8FDC-42A3-9474-1A3956D46DE8}") = "OOP", "OOP", "{55AD4C94-2EC2-4827-A5E9-0413945564F4}"
EndProject
Project("{FAE04EC0-301F-11D3-BF4B-00C04F79EFBC}") = "ObjectInitializers", "ObjectInitializers\ObjectInitializers.csproj", "{019EF6F4-A4EF-4E90-A8E7-53CDE9FD34A1}"
EndProject
Project("{FAE04EC0-301F-11D3-BF4B-00C04F79EFBC}") = "FunWithRecords", "FunWithRecords\FunWithRecords.csproj", "{4DB45244-D6F9-4B50-B608-D98D982A0236}"
EndProject
Project("{FAE04EC0-301F-11D3-BF4B-00C04F79EFBC}") = "OOP-BasicInheritance", "BasicInheritance\OOP-BasicInheritance.csproj", "{BD13DB06-1722-4039-9357-6B1A52BE510F}"
EndProject
Project("{2150E333-8FDC-42A3-9474-1A3956D46DE8}") = "Encapsulation", "Encapsulation", "{3D337C1F-1584-44A7-A28A-350AB94D6B72}"
EndProject
Project("{2150E333-8FDC-42A3-9474-1A3956D46DE8}") = "Inheritance", "Inheritance", "{E28F8747-864D-471A-B356-91778ED85CBF}"
EndProject
Project("{FAE04EC0-301F-11D3-BF4B-00C04F79EFBC}") = "Employees", "Employees\Employees.csproj", "{6863C834-7EED-4D8E-9923-FDBE30FAAA89}"
EndProject
Project("{FAE04EC0-301F-11D3-BF4B-00C04F79EFBC}") = "Shapes", "Abstraction\Shapes.csproj", "{A16AF889-7E43-4E81-9772-1F82B8F08D20}"
EndProject
Project("{2150E333-8FDC-42A3-9474-1A3956D46DE8}") = "Abstract", "Abstract", "{5F835CF5-C059-42CA-9DA2-C7688A2A1E59}"
EndProject
Project("{FAE04EC0-301F-11D3-BF4B-00C04F79EFBC}") = "CustomInterfaces", "CustomInterfaces\CustomInterfaces.csproj", "{5FE3C906-98F4-4F7C-BC62-C1A4E3447D00}"
EndProject
Project("{FAE04EC0-301F-11D3-BF4B-00C04F79EFBC}") = "InterfaceHierarchy", "InterfaceHierarchy\InterfaceHierarchy.csproj", "{111B75EB-C0C3-4448-874C-F52A77BC928B}"
EndProject
Project("{FAE04EC0-301F-11D3-BF4B-00C04F79EFBC}") = "MiInterfaceHierarchy", "MiInterfaceHierarchy\MiInterfaceHierarchy.csproj", "{91438457-7F4A-4F8C-997A-2E891441A3F0}"
EndProject
Project("{FAE04EC0-301F-11D3-BF4B-00C04F79EFBC}") = "CustomEnumerator", "CustomEnumerator\CustomEnumerator.csproj", "{6B81C3E1-4418-4C67-8CA9-6C02A7A4615E}"
EndProject
Project("{FAE04EC0-301F-11D3-BF4B-00C04F79EFBC}") = "IComparable_Infterface", "IComparable_Infterface\IComparable_Infterface.csproj", "{BE5A8080-5C44-4D1F-822C-E2FFEE7D9D04}"
EndProject
Project("{FAE04EC0-301F-11D3-BF4B-00C04F79EFBC}") = "ObjectLifeTime", "ObjectLifeTime\ObjectLifeTime.csproj", "{0D38654E-552F-48AC-A417-190A0B5BD86E}"
EndProject
Project("{FAE04EC0-301F-11D3-BF4B-00C04F79EFBC}") = "Operatore_OverLoading", "Operatore_OverLoading\Operatore_OverLoading.csproj", "{B5607F84-CE28-4D4F-A458-448F6867E4B0}"
EndProject
Project("{FAE04EC0-301F-11D3-BF4B-00C04F79EFBC}") = "Extention_Method", "Extention_Method\Extention_Method.csproj", "{DA74115F-2822-492E-AB9A-015E5155CF04}"
EndProject
Project("{FAE04EC0-301F-11D3-BF4B-00C04F79EFBC}") = "InterfaceExtensions", "InterfaceExtensions\InterfaceExtensions.csproj", "{5FA9D846-86A2-4840-BDD0-ADD89E971967}"
EndProject
Project("{FAE04EC0-301F-11D3-BF4B-00C04F79EFBC}") = "AnonymousTypes", "AnonymousTypes\AnonymousTypes.csproj", "{F392567A-2E21-43D9-BDC6-9042767A3F8E}"
EndProject
Project("{FAE04EC0-301F-11D3-BF4B-00C04F79EFBC}") = "SimpleDelegate", "SimpleDelegate\SimpleDelegate.csproj", "{0760F160-81CA-4F40-9F7E-FE2D4A0F5A90}"
EndProject
Project("{FAE04EC0-301F-11D3-BF4B-00C04F79EFBC}") = "Delegates", "Delegates\Delegates.csproj", "{B56D7CDE-3E73-40BA-8C0F-66041226CCC3}"
EndProject
Project("{FAE04EC0-301F-11D3-BF4B-00C04F79EFBC}") = "Generic delegates", "Generic delegates\Generic delegates.csproj", "{5B261612-A465-45CD-9224-EAA55FC98E05}"
EndProject
Project("{FAE04EC0-301F-11D3-BF4B-00C04F79EFBC}") = "Threading", "Threading\Threading.csproj", "{54A5F8D8-4862-488B-A04F-605F11B881E0}"
EndProject
Project("{FAE04EC0-301F-11D3-BF4B-00C04F79EFBC}") = "Some_TOPICS_FROM_ITI_advCourse", "Some_TOPICS_FROM_ITI_advCourse\Some_TOPICS_FROM_ITI_advCourse.csproj", "{AC2C884B-7208-441B-8F4F-59DFC68F52B8}"
EndProject
Global
	GlobalSection(SolutionConfigurationPlatforms) = preSolution
		Debug|Any CPU = Debug|Any CPU
		Release|Any CPU = Release|Any CPU
	EndGlobalSection
	GlobalSection(ProjectConfigurationPlatforms) = postSolution
		{E1D8785D-EB45-45F7-9A7F-E8AEA59AF513}.Debug|Any CPU.ActiveCfg = Debug|Any CPU
		{E1D8785D-EB45-45F7-9A7F-E8AEA59AF513}.Debug|Any CPU.Build.0 = Debug|Any CPU
		{E1D8785D-EB45-45F7-9A7F-E8AEA59AF513}.Release|Any CPU.ActiveCfg = Release|Any CPU
		{E1D8785D-EB45-45F7-9A7F-E8AEA59AF513}.Release|Any CPU.Build.0 = Release|Any CPU
		{E1D25382-8F68-4B96-9B46-204CB5156849}.Debug|Any CPU.ActiveCfg = Debug|Any CPU
		{E1D25382-8F68-4B96-9B46-204CB5156849}.Debug|Any CPU.Build.0 = Debug|Any CPU
		{E1D25382-8F68-4B96-9B46-204CB5156849}.Release|Any CPU.ActiveCfg = Release|Any CPU
		{E1D25382-8F68-4B96-9B46-204CB5156849}.Release|Any CPU.Build.0 = Release|Any CPU
		{6C03DCF3-7A00-4480-9471-1D1EBF5ECC35}.Debug|Any CPU.ActiveCfg = Debug|Any CPU
		{6C03DCF3-7A00-4480-9471-1D1EBF5ECC35}.Debug|Any CPU.Build.0 = Debug|Any CPU
		{6C03DCF3-7A00-4480-9471-1D1EBF5ECC35}.Release|Any CPU.ActiveCfg = Release|Any CPU
		{6C03DCF3-7A00-4480-9471-1D1EBF5ECC35}.Release|Any CPU.Build.0 = Release|Any CPU
		{9A22BC5B-86BC-477B-903F-50E1172D066C}.Debug|Any CPU.ActiveCfg = Debug|Any CPU
		{9A22BC5B-86BC-477B-903F-50E1172D066C}.Debug|Any CPU.Build.0 = Debug|Any CPU
		{9A22BC5B-86BC-477B-903F-50E1172D066C}.Release|Any CPU.ActiveCfg = Release|Any CPU
		{9A22BC5B-86BC-477B-903F-50E1172D066C}.Release|Any CPU.Build.0 = Release|Any CPU
		{3E94C0DE-19D2-4788-9E42-1B0293C48150}.Debug|Any CPU.ActiveCfg = Debug|Any CPU
		{3E94C0DE-19D2-4788-9E42-1B0293C48150}.Debug|Any CPU.Build.0 = Debug|Any CPU
		{3E94C0DE-19D2-4788-9E42-1B0293C48150}.Release|Any CPU.ActiveCfg = Release|Any CPU
		{3E94C0DE-19D2-4788-9E42-1B0293C48150}.Release|Any CPU.Build.0 = Release|Any CPU
		{33A08C0E-C285-4956-B440-5EAB7977D41E}.Debug|Any CPU.ActiveCfg = Debug|Any CPU
		{33A08C0E-C285-4956-B440-5EAB7977D41E}.Debug|Any CPU.Build.0 = Debug|Any CPU
		{33A08C0E-C285-4956-B440-5EAB7977D41E}.Release|Any CPU.ActiveCfg = Release|Any CPU
		{33A08C0E-C285-4956-B440-5EAB7977D41E}.Release|Any CPU.Build.0 = Release|Any CPU
		{019EF6F4-A4EF-4E90-A8E7-53CDE9FD34A1}.Debug|Any CPU.ActiveCfg = Debug|Any CPU
		{019EF6F4-A4EF-4E90-A8E7-53CDE9FD34A1}.Debug|Any CPU.Build.0 = Debug|Any CPU
		{019EF6F4-A4EF-4E90-A8E7-53CDE9FD34A1}.Release|Any CPU.ActiveCfg = Release|Any CPU
		{019EF6F4-A4EF-4E90-A8E7-53CDE9FD34A1}.Release|Any CPU.Build.0 = Release|Any CPU
		{4DB45244-D6F9-4B50-B608-D98D982A0236}.Debug|Any CPU.ActiveCfg = Debug|Any CPU
		{4DB45244-D6F9-4B50-B608-D98D982A0236}.Debug|Any CPU.Build.0 = Debug|Any CPU
		{4DB45244-D6F9-4B50-B608-D98D982A0236}.Release|Any CPU.ActiveCfg = Release|Any CPU
		{4DB45244-D6F9-4B50-B608-D98D982A0236}.Release|Any CPU.Build.0 = Release|Any CPU
		{BD13DB06-1722-4039-9357-6B1A52BE510F}.Debug|Any CPU.ActiveCfg = Debug|Any CPU
		{BD13DB06-1722-4039-9357-6B1A52BE510F}.Debug|Any CPU.Build.0 = Debug|Any CPU
		{BD13DB06-1722-4039-9357-6B1A52BE510F}.Release|Any CPU.ActiveCfg = Release|Any CPU
		{BD13DB06-1722-4039-9357-6B1A52BE510F}.Release|Any CPU.Build.0 = Release|Any CPU
		{6863C834-7EED-4D8E-9923-FDBE30FAAA89}.Debug|Any CPU.ActiveCfg = Debug|Any CPU
		{6863C834-7EED-4D8E-9923-FDBE30FAAA89}.Debug|Any CPU.Build.0 = Debug|Any CPU
		{6863C834-7EED-4D8E-9923-FDBE30FAAA89}.Release|Any CPU.ActiveCfg = Release|Any CPU
		{6863C834-7EED-4D8E-9923-FDBE30FAAA89}.Release|Any CPU.Build.0 = Release|Any CPU
		{A16AF889-7E43-4E81-9772-1F82B8F08D20}.Debug|Any CPU.ActiveCfg = Debug|Any CPU
		{A16AF889-7E43-4E81-9772-1F82B8F08D20}.Debug|Any CPU.Build.0 = Debug|Any CPU
		{A16AF889-7E43-4E81-9772-1F82B8F08D20}.Release|Any CPU.ActiveCfg = Release|Any CPU
		{A16AF889-7E43-4E81-9772-1F82B8F08D20}.Release|Any CPU.Build.0 = Release|Any CPU
		{5FE3C906-98F4-4F7C-BC62-C1A4E3447D00}.Debug|Any CPU.ActiveCfg = Debug|Any CPU
		{5FE3C906-98F4-4F7C-BC62-C1A4E3447D00}.Debug|Any CPU.Build.0 = Debug|Any CPU
		{5FE3C906-98F4-4F7C-BC62-C1A4E3447D00}.Release|Any CPU.ActiveCfg = Release|Any CPU
		{5FE3C906-98F4-4F7C-BC62-C1A4E3447D00}.Release|Any CPU.Build.0 = Release|Any CPU
		{111B75EB-C0C3-4448-874C-F52A77BC928B}.Debug|Any CPU.ActiveCfg = Debug|Any CPU
		{111B75EB-C0C3-4448-874C-F52A77BC928B}.Debug|Any CPU.Build.0 = Debug|Any CPU
		{111B75EB-C0C3-4448-874C-F52A77BC928B}.Release|Any CPU.ActiveCfg = Release|Any CPU
		{111B75EB-C0C3-4448-874C-F52A77BC928B}.Release|Any CPU.Build.0 = Release|Any CPU
		{91438457-7F4A-4F8C-997A-2E891441A3F0}.Debug|Any CPU.ActiveCfg = Debug|Any CPU
		{91438457-7F4A-4F8C-997A-2E891441A3F0}.Debug|Any CPU.Build.0 = Debug|Any CPU
		{91438457-7F4A-4F8C-997A-2E891441A3F0}.Release|Any CPU.ActiveCfg = Release|Any CPU
		{91438457-7F4A-4F8C-997A-2E891441A3F0}.Release|Any CPU.Build.0 = Release|Any CPU
		{6B81C3E1-4418-4C67-8CA9-6C02A7A4615E}.Debug|Any CPU.ActiveCfg = Debug|Any CPU
		{6B81C3E1-4418-4C67-8CA9-6C02A7A4615E}.Debug|Any CPU.Build.0 = Debug|Any CPU
		{6B81C3E1-4418-4C67-8CA9-6C02A7A4615E}.Release|Any CPU.ActiveCfg = Release|Any CPU
		{6B81C3E1-4418-4C67-8CA9-6C02A7A4615E}.Release|Any CPU.Build.0 = Release|Any CPU
		{BE5A8080-5C44-4D1F-822C-E2FFEE7D9D04}.Debug|Any CPU.ActiveCfg = Debug|Any CPU
		{BE5A8080-5C44-4D1F-822C-E2FFEE7D9D04}.Debug|Any CPU.Build.0 = Debug|Any CPU
		{BE5A8080-5C44-4D1F-822C-E2FFEE7D9D04}.Release|Any CPU.ActiveCfg = Release|Any CPU
		{BE5A8080-5C44-4D1F-822C-E2FFEE7D9D04}.Release|Any CPU.Build.0 = Release|Any CPU
		{0D38654E-552F-48AC-A417-190A0B5BD86E}.Debug|Any CPU.ActiveCfg = Debug|Any CPU
		{0D38654E-552F-48AC-A417-190A0B5BD86E}.Debug|Any CPU.Build.0 = Debug|Any CPU
		{0D38654E-552F-48AC-A417-190A0B5BD86E}.Release|Any CPU.ActiveCfg = Release|Any CPU
		{0D38654E-552F-48AC-A417-190A0B5BD86E}.Release|Any CPU.Build.0 = Release|Any CPU
		{B5607F84-CE28-4D4F-A458-448F6867E4B0}.Debug|Any CPU.ActiveCfg = Debug|Any CPU
		{B5607F84-CE28-4D4F-A458-448F6867E4B0}.Debug|Any CPU.Build.0 = Debug|Any CPU
		{B5607F84-CE28-4D4F-A458-448F6867E4B0}.Release|Any CPU.ActiveCfg = Release|Any CPU
		{B5607F84-CE28-4D4F-A458-448F6867E4B0}.Release|Any CPU.Build.0 = Release|Any CPU
		{DA74115F-2822-492E-AB9A-015E5155CF04}.Debug|Any CPU.ActiveCfg = Debug|Any CPU
		{DA74115F-2822-492E-AB9A-015E5155CF04}.Debug|Any CPU.Build.0 = Debug|Any CPU
		{DA74115F-2822-492E-AB9A-015E5155CF04}.Release|Any CPU.ActiveCfg = Release|Any CPU
		{DA74115F-2822-492E-AB9A-015E5155CF04}.Release|Any CPU.Build.0 = Release|Any CPU
		{5FA9D846-86A2-4840-BDD0-ADD89E971967}.Debug|Any CPU.ActiveCfg = Debug|Any CPU
		{5FA9D846-86A2-4840-BDD0-ADD89E971967}.Debug|Any CPU.Build.0 = Debug|Any CPU
		{5FA9D846-86A2-4840-BDD0-ADD89E971967}.Release|Any CPU.ActiveCfg = Release|Any CPU
		{5FA9D846-86A2-4840-BDD0-ADD89E971967}.Release|Any CPU.Build.0 = Release|Any CPU
		{F392567A-2E21-43D9-BDC6-9042767A3F8E}.Debug|Any CPU.ActiveCfg = Debug|Any CPU
		{F392567A-2E21-43D9-BDC6-9042767A3F8E}.Debug|Any CPU.Build.0 = Debug|Any CPU
		{F392567A-2E21-43D9-BDC6-9042767A3F8E}.Release|Any CPU.ActiveCfg = Release|Any CPU
		{F392567A-2E21-43D9-BDC6-9042767A3F8E}.Release|Any CPU.Build.0 = Release|Any CPU
		{0760F160-81CA-4F40-9F7E-FE2D4A0F5A90}.Debug|Any CPU.ActiveCfg = Debug|Any CPU
		{0760F160-81CA-4F40-9F7E-FE2D4A0F5A90}.Debug|Any CPU.Build.0 = Debug|Any CPU
		{0760F160-81CA-4F40-9F7E-FE2D4A0F5A90}.Release|Any CPU.ActiveCfg = Release|Any CPU
		{0760F160-81CA-4F40-9F7E-FE2D4A0F5A90}.Release|Any CPU.Build.0 = Release|Any CPU
		{B56D7CDE-3E73-40BA-8C0F-66041226CCC3}.Debug|Any CPU.ActiveCfg = Debug|Any CPU
		{B56D7CDE-3E73-40BA-8C0F-66041226CCC3}.Debug|Any CPU.Build.0 = Debug|Any CPU
		{B56D7CDE-3E73-40BA-8C0F-66041226CCC3}.Release|Any CPU.ActiveCfg = Release|Any CPU
		{B56D7CDE-3E73-40BA-8C0F-66041226CCC3}.Release|Any CPU.Build.0 = Release|Any CPU
		{5B261612-A465-45CD-9224-EAA55FC98E05}.Debug|Any CPU.ActiveCfg = Debug|Any CPU
		{5B261612-A465-45CD-9224-EAA55FC98E05}.Debug|Any CPU.Build.0 = Debug|Any CPU
		{5B261612-A465-45CD-9224-EAA55FC98E05}.Release|Any CPU.ActiveCfg = Release|Any CPU
		{5B261612-A465-45CD-9224-EAA55FC98E05}.Release|Any CPU.Build.0 = Release|Any CPU
		{54A5F8D8-4862-488B-A04F-605F11B881E0}.Debug|Any CPU.ActiveCfg = Debug|Any CPU
		{54A5F8D8-4862-488B-A04F-605F11B881E0}.Debug|Any CPU.Build.0 = Debug|Any CPU
		{54A5F8D8-4862-488B-A04F-605F11B881E0}.Release|Any CPU.ActiveCfg = Release|Any CPU
		{54A5F8D8-4862-488B-A04F-605F11B881E0}.Release|Any CPU.Build.0 = Release|Any CPU
		{AC2C884B-7208-441B-8F4F-59DFC68F52B8}.Debug|Any CPU.ActiveCfg = Debug|Any CPU
		{AC2C884B-7208-441B-8F4F-59DFC68F52B8}.Debug|Any CPU.Build.0 = Debug|Any CPU
		{AC2C884B-7208-441B-8F4F-59DFC68F52B8}.Release|Any CPU.ActiveCfg = Release|Any CPU
		{AC2C884B-7208-441B-8F4F-59DFC68F52B8}.Release|Any CPU.Build.0 = Release|Any CPU
	EndGlobalSection
	GlobalSection(SolutionProperties) = preSolution
		HideSolutionNode = FALSE
	EndGlobalSection
	GlobalSection(NestedProjects) = preSolution
		{E1D8785D-EB45-45F7-9A7F-E8AEA59AF513} = {02EA681E-C7D8-13C7-8484-4AC65E1B71E8}
		{E1D25382-8F68-4B96-9B46-204CB5156849} = {02EA681E-C7D8-13C7-8484-4AC65E1B71E8}
		{6C03DCF3-7A00-4480-9471-1D1EBF5ECC35} = {02EA681E-C7D8-13C7-8484-4AC65E1B71E8}
		{9A22BC5B-86BC-477B-903F-50E1172D066C} = {02EA681E-C7D8-13C7-8484-4AC65E1B71E8}
		{3E94C0DE-19D2-4788-9E42-1B0293C48150} = {3D337C1F-1584-44A7-A28A-350AB94D6B72}
		{33A08C0E-C285-4956-B440-5EAB7977D41E} = {02EA681E-C7D8-13C7-8484-4AC65E1B71E8}
		{019EF6F4-A4EF-4E90-A8E7-53CDE9FD34A1} = {3D337C1F-1584-44A7-A28A-350AB94D6B72}
		{4DB45244-D6F9-4B50-B608-D98D982A0236} = {3D337C1F-1584-44A7-A28A-350AB94D6B72}
		{BD13DB06-1722-4039-9357-6B1A52BE510F} = {E28F8747-864D-471A-B356-91778ED85CBF}
		{3D337C1F-1584-44A7-A28A-350AB94D6B72} = {55AD4C94-2EC2-4827-A5E9-0413945564F4}
		{E28F8747-864D-471A-B356-91778ED85CBF} = {55AD4C94-2EC2-4827-A5E9-0413945564F4}
		{6863C834-7EED-4D8E-9923-FDBE30FAAA89} = {E28F8747-864D-471A-B356-91778ED85CBF}
		{A16AF889-7E43-4E81-9772-1F82B8F08D20} = {5F835CF5-C059-42CA-9DA2-C7688A2A1E59}
		{5F835CF5-C059-42CA-9DA2-C7688A2A1E59} = {55AD4C94-2EC2-4827-A5E9-0413945564F4}
		{B5607F84-CE28-4D4F-A458-448F6867E4B0} = {02EA681E-C7D8-13C7-8484-4AC65E1B71E8}
	EndGlobalSection
	GlobalSection(ExtensibilityGlobals) = postSolution
		SolutionGuid = {C2FFF342-A3D1-4686-B0A1-4535E36E7BD1}
	EndGlobalSection
EndGlobal
